
Microsoft Visual Studio Solution File, Format Version 12.00
# Visual Studio Version 16
VisualStudioVersion = 16.0.31313.79
MinimumVisualStudioVersion = 10.0.40219.1
Project("{FAE04EC0-301F-11D3-BF4B-00C04F79EFBC}") = "LeftRotate1", "LeftRotate1.csproj", "{53E37F68-E10C-4E2C-8B8F-47F2305D3F6C}"
EndProject
Global
	GlobalSection(SolutionConfigurationPlatforms) = preSolution
		Debug|Any CPU = Debug|Any CPU
		Release|Any CPU = Release|Any CPU
	EndGlobalSection
	GlobalSection(ProjectConfigurationPlatforms) = postSolution
		{53E37F68-E10C-4E2C-8B8F-47F2305D3F6C}.Debug|Any CPU.ActiveCfg = Debug|Any CPU
		{53E37F68-E10C-4E2C-8B8F-47F2305D3F6C}.Debug|Any CPU.Build.0 = Debug|Any CPU
		{53E37F68-E10C-4E2C-8B8F-47F2305D3F6C}.Release|Any CPU.ActiveCfg = Release|Any CPU
		{53E37F68-E10C-4E2C-8B8F-47F2305D3F6C}.Release|Any CPU.Build.0 = Release|Any CPU
	EndGlobalSection
	GlobalSection(SolutionProperties) = preSolution
		HideSolutionNode = FALSE
	EndGlobalSection
	GlobalSection(ExtensibilityGlobals) = postSolution
		SolutionGuid = {E0AA2678-A38E-4E06-B8A1-FF2C3DEF8D4F}
	EndGlobalSection
EndGlobal
